{
  "nodes": {
    "agenix": {
      "inputs": {
        "darwin": "darwin",
        "home-manager": "home-manager",
        "nixpkgs": [
          "peer-observer-infra-library",
          "nixpkgs"
        ],
        "systems": "systems"
      },
      "locked": {
        "lastModified": 1754433428,
        "narHash": "sha256-NA/FT2hVhKDftbHSwVnoRTFhes62+7dxZbxj5Gxvghs=",
        "owner": "ryantm",
        "repo": "agenix",
        "rev": "9edb1787864c4f59ae5074ad498b6272b3ec308d",
        "type": "github"
      },
      "original": {
        "owner": "ryantm",
        "repo": "agenix",
        "type": "github"
      }
    },
    "b10c-nix": {
      "inputs": {
        "nixpkgs": [
          "peer-observer-infra-library",
          "nixpkgs"
        ]
      },
      "locked": {
        "lastModified": 1761819414,
        "narHash": "sha256-w4ZLnoUOs57jDDXDpChkGU/G3UNcb8g9oEVcT04lUwE=",
        "owner": "0xb10c",
        "repo": "nix",
        "rev": "f68cc0038b6f3d9379bcde94496a5401ef1b819c",
        "type": "github"
      },
      "original": {
        "owner": "0xb10c",
        "repo": "nix",
        "type": "github"
      }
    },
    "darwin": {
      "inputs": {
        "nixpkgs": [
          "peer-observer-infra-library",
          "agenix",
          "nixpkgs"
        ]
      },
      "locked": {
        "lastModified": 1744478979,
        "narHash": "sha256-dyN+teG9G82G+m+PX/aSAagkC+vUv0SgUw3XkPhQodQ=",
        "owner": "lnl7",
        "repo": "nix-darwin",
        "rev": "43975d782b418ebf4969e9ccba82466728c2851b",
        "type": "github"
      },
      "original": {
        "owner": "lnl7",
        "ref": "master",
        "repo": "nix-darwin",
        "type": "github"
      }
    },
    "disko": {
      "inputs": {
        "nixpkgs": [
          "nixpkgs"
        ]
      },
      "locked": {
        "lastModified": 1760701190,
        "narHash": "sha256-y7UhnWlER8r776JsySqsbTUh2Txf7K30smfHlqdaIQw=",
        "owner": "nix-community",
        "repo": "disko",
        "rev": "3a9450b26e69dcb6f8de6e2b07b3fc1c288d85f5",
        "type": "github"
      },
      "original": {
        "owner": "nix-community",
        "repo": "disko",
        "type": "github"
      }
    },
    "home-manager": {
      "inputs": {
        "nixpkgs": [
          "peer-observer-infra-library",
          "agenix",
          "nixpkgs"
        ]
      },
      "locked": {
        "lastModified": 1745494811,
        "narHash": "sha256-YZCh2o9Ua1n9uCvrvi5pRxtuVNml8X2a03qIFfRKpFs=",
        "owner": "nix-community",
        "repo": "home-manager",
        "rev": "abfad3d2958c9e6300a883bd443512c55dfeb1be",
        "type": "github"
      },
      "original": {
        "owner": "nix-community",
        "repo": "home-manager",
        "type": "github"
      }
    },
    "nixpkgs": {
      "locked": {
        "lastModified": 1761672384,
        "narHash": "sha256-o9KF3DJL7g7iYMZq9SWgfS1BFlNbsm6xplRjVlOCkXI=",
        "owner": "nixos",
        "repo": "nixpkgs",
        "rev": "08dacfca559e1d7da38f3cf05f1f45ee9bfd213c",
        "type": "github"
      },
      "original": {
        "owner": "nixos",
        "ref": "nixos-unstable",
        "repo": "nixpkgs",
        "type": "github"
      }
    },
    "peer-observer-infra-library": {
      "inputs": {
        "agenix": "agenix",
        "b10c-nix": "b10c-nix",
        "nixpkgs": [
          "nixpkgs"
        ]
      },
      "locked": {
        "lastModified": 1761833526,
        "narHash": "sha256-jrhdTwIqQEhyVPy2raHL+l4UzEstLzFBoD3h+1cyerg=",
        "owner": "0xB10C",
        "repo": "peer-observer-infra-library",
        "rev": "e14fc1e29a3adbd35d5e3af73766039279fbf5c4",
        "type": "github"
      },
      "original": {
        "owner": "0xB10C",
        "repo": "peer-observer-infra-library",
        "type": "github"
      }
    },
    "root": {
      "inputs": {
        "disko": "disko",
        "nixpkgs": "nixpkgs",
        "peer-observer-infra-library": "peer-observer-infra-library"
      }
    },
    "systems": {
      "locked": {
        "lastModified": 1681028828,
        "narHash": "sha256-Vy1rq5AaRuLzOxct8nz4T6wlgyUR7zLU309k9mBC768=",
        "owner": "nix-systems",
        "repo": "default",
        "rev": "da67096a3b9bf56a91d16901293e51ba5b49a27e",
        "type": "github"
      },
      "original": {
        "owner": "nix-systems",
        "repo": "default",
        "type": "github"
      }
    }
  },
  "root": "root",
  "version": 7
}
